
Microsoft Visual Studio Solution File, Format Version 12.00
# Visual Studio Version 17
VisualStudioVersion = 17.2.32602.215
MinimumVisualStudioVersion = 10.0.40219.1
Project("{FAE04EC0-301F-11D3-BF4B-00C04F79EFBC}") = "FloydWarshallAlgorithm", "FloydWarshallAlgorithm.csproj", "{731C7008-1AA2-4FEE-9FE1-5BA80FCBD4B7}"
	ProjectSection(ProjectDependencies) = postProject
		{71825A06-522F-4575-9646-80B18CE8A7DE} = {71825A06-522F-4575-9646-80B18CE8A7DE}
		{AE877742-8D3C-4E2A-B047-F54638176487} = {AE877742-8D3C-4E2A-B047-F54638176487}
	EndProjectSection
EndProject
Project("{8BC9CEB8-8B4A-11D0-8D11-00A0C91BC942}") = "Cplusplus", "..\Cplusplus\Cplusplus.vcxproj", "{71825A06-522F-4575-9646-80B18CE8A7DE}"
EndProject
Project("{8BC9CEB8-8B4A-11D0-8D11-00A0C91BC942}") = "Asm", "..\Asm\Asm.vcxproj", "{AE877742-8D3C-4E2A-B047-F54638176487}"
EndProject
Global
	GlobalSection(SolutionConfigurationPlatforms) = preSolution
		Debug|Any CPU = Debug|Any CPU
		Debug|x64 = Debug|x64
		Debug|x86 = Debug|x86
		Release|Any CPU = Release|Any CPU
		Release|x64 = Release|x64
		Release|x86 = Release|x86
	EndGlobalSection
	GlobalSection(ProjectConfigurationPlatforms) = postSolution
		{731C7008-1AA2-4FEE-9FE1-5BA80FCBD4B7}.Debug|Any CPU.ActiveCfg = Debug|x64
		{731C7008-1AA2-4FEE-9FE1-5BA80FCBD4B7}.Debug|Any CPU.Build.0 = Debug|x64
		{731C7008-1AA2-4FEE-9FE1-5BA80FCBD4B7}.Debug|x64.ActiveCfg = Debug|x64
		{731C7008-1AA2-4FEE-9FE1-5BA80FCBD4B7}.Debug|x64.Build.0 = Debug|x64
		{731C7008-1AA2-4FEE-9FE1-5BA80FCBD4B7}.Debug|x86.ActiveCfg = Debug|Any CPU
		{731C7008-1AA2-4FEE-9FE1-5BA80FCBD4B7}.Debug|x86.Build.0 = Debug|Any CPU
		{731C7008-1AA2-4FEE-9FE1-5BA80FCBD4B7}.Release|Any CPU.ActiveCfg = Release|Any CPU
		{731C7008-1AA2-4FEE-9FE1-5BA80FCBD4B7}.Release|Any CPU.Build.0 = Release|Any CPU
		{731C7008-1AA2-4FEE-9FE1-5BA80FCBD4B7}.Release|x64.ActiveCfg = Release|x64
		{731C7008-1AA2-4FEE-9FE1-5BA80FCBD4B7}.Release|x64.Build.0 = Release|x64
		{731C7008-1AA2-4FEE-9FE1-5BA80FCBD4B7}.Release|x86.ActiveCfg = Release|Any CPU
		{731C7008-1AA2-4FEE-9FE1-5BA80FCBD4B7}.Release|x86.Build.0 = Release|Any CPU
		{71825A06-522F-4575-9646-80B18CE8A7DE}.Debug|Any CPU.ActiveCfg = Debug|x64
		{71825A06-522F-4575-9646-80B18CE8A7DE}.Debug|Any CPU.Build.0 = Debug|x64
		{71825A06-522F-4575-9646-80B18CE8A7DE}.Debug|x64.ActiveCfg = Debug|x64
		{71825A06-522F-4575-9646-80B18CE8A7DE}.Debug|x64.Build.0 = Debug|x64
		{71825A06-522F-4575-9646-80B18CE8A7DE}.Debug|x86.ActiveCfg = Debug|Win32
		{71825A06-522F-4575-9646-80B18CE8A7DE}.Debug|x86.Build.0 = Debug|Win32
		{71825A06-522F-4575-9646-80B18CE8A7DE}.Release|Any CPU.ActiveCfg = Release|x64
		{71825A06-522F-4575-9646-80B18CE8A7DE}.Release|Any CPU.Build.0 = Release|x64
		{71825A06-522F-4575-9646-80B18CE8A7DE}.Release|x64.ActiveCfg = Release|x64
		{71825A06-522F-4575-9646-80B18CE8A7DE}.Release|x64.Build.0 = Release|x64
		{71825A06-522F-4575-9646-80B18CE8A7DE}.Release|x86.ActiveCfg = Release|Win32
		{71825A06-522F-4575-9646-80B18CE8A7DE}.Release|x86.Build.0 = Release|Win32
		{AE877742-8D3C-4E2A-B047-F54638176487}.Debug|Any CPU.ActiveCfg = Debug|x64
		{AE877742-8D3C-4E2A-B047-F54638176487}.Debug|Any CPU.Build.0 = Debug|x64
		{AE877742-8D3C-4E2A-B047-F54638176487}.Debug|x64.ActiveCfg = Debug|x64
		{AE877742-8D3C-4E2A-B047-F54638176487}.Debug|x64.Build.0 = Debug|x64
		{AE877742-8D3C-4E2A-B047-F54638176487}.Debug|x86.ActiveCfg = Debug|Win32
		{AE877742-8D3C-4E2A-B047-F54638176487}.Debug|x86.Build.0 = Debug|Win32
		{AE877742-8D3C-4E2A-B047-F54638176487}.Release|Any CPU.ActiveCfg = Release|x64
		{AE877742-8D3C-4E2A-B047-F54638176487}.Release|Any CPU.Build.0 = Release|x64
		{AE877742-8D3C-4E2A-B047-F54638176487}.Release|x64.ActiveCfg = Release|x64
		{AE877742-8D3C-4E2A-B047-F54638176487}.Release|x64.Build.0 = Release|x64
		{AE877742-8D3C-4E2A-B047-F54638176487}.Release|x86.ActiveCfg = Release|Win32
		{AE877742-8D3C-4E2A-B047-F54638176487}.Release|x86.Build.0 = Release|Win32
	EndGlobalSection
	GlobalSection(SolutionProperties) = preSolution
		HideSolutionNode = FALSE
	EndGlobalSection
	GlobalSection(ExtensibilityGlobals) = postSolution
		SolutionGuid = {889FEF84-28EC-431D-8B29-D5302F48547F}
	EndGlobalSection
EndGlobal
