
Microsoft Visual Studio Solution File, Format Version 12.00
# Visual Studio Version 17
VisualStudioVersion = 17.2.32602.215
MinimumVisualStudioVersion = 10.0.40219.1
Project("{FAE04EC0-301F-11D3-BF4B-00C04F79EFBC}") = "FloydWarshallAlgorithm", "FloydWarshallAlgorithm.csproj", "{31C8891F-D226-42EA-B339-74AC53665CE9}"
	ProjectSection(ProjectDependencies) = postProject
		{D116A24D-4E88-4BE7-9A07-9AC64E1F4D09} = {D116A24D-4E88-4BE7-9A07-9AC64E1F4D09}
	EndProjectSection
EndProject
Project("{8BC9CEB8-8B4A-11D0-8D11-00A0C91BC942}") = "JAAsm", "..\JAAsm\JAAsm.vcxproj", "{D116A24D-4E88-4BE7-9A07-9AC64E1F4D09}"
EndProject
Project("{8BC9CEB8-8B4A-11D0-8D11-00A0C91BC942}") = "JACpp", "..\JACpp\JACpp.vcxproj", "{480A1538-A2AF-4E32-975E-676ADEDEB791}"
EndProject
Global
	GlobalSection(SolutionConfigurationPlatforms) = preSolution
		Debug|Any CPU = Debug|Any CPU
		Debug|x64 = Debug|x64
		Debug|x86 = Debug|x86
		Release|Any CPU = Release|Any CPU
		Release|x64 = Release|x64
		Release|x86 = Release|x86
	EndGlobalSection
	GlobalSection(ProjectConfigurationPlatforms) = postSolution
		{31C8891F-D226-42EA-B339-74AC53665CE9}.Debug|Any CPU.ActiveCfg = Debug|Any CPU
		{31C8891F-D226-42EA-B339-74AC53665CE9}.Debug|Any CPU.Build.0 = Debug|Any CPU
		{31C8891F-D226-42EA-B339-74AC53665CE9}.Debug|x64.ActiveCfg = Debug|x64
		{31C8891F-D226-42EA-B339-74AC53665CE9}.Debug|x64.Build.0 = Debug|x64
		{31C8891F-D226-42EA-B339-74AC53665CE9}.Debug|x86.ActiveCfg = Debug|Any CPU
		{31C8891F-D226-42EA-B339-74AC53665CE9}.Debug|x86.Build.0 = Debug|Any CPU
		{31C8891F-D226-42EA-B339-74AC53665CE9}.Release|Any CPU.ActiveCfg = Release|Any CPU
		{31C8891F-D226-42EA-B339-74AC53665CE9}.Release|Any CPU.Build.0 = Release|Any CPU
		{31C8891F-D226-42EA-B339-74AC53665CE9}.Release|x64.ActiveCfg = Release|Any CPU
		{31C8891F-D226-42EA-B339-74AC53665CE9}.Release|x64.Build.0 = Release|Any CPU
		{31C8891F-D226-42EA-B339-74AC53665CE9}.Release|x86.ActiveCfg = Release|Any CPU
		{31C8891F-D226-42EA-B339-74AC53665CE9}.Release|x86.Build.0 = Release|Any CPU
		{D116A24D-4E88-4BE7-9A07-9AC64E1F4D09}.Debug|Any CPU.ActiveCfg = Debug|x64
		{D116A24D-4E88-4BE7-9A07-9AC64E1F4D09}.Debug|Any CPU.Build.0 = Debug|x64
		{D116A24D-4E88-4BE7-9A07-9AC64E1F4D09}.Debug|x64.ActiveCfg = Debug|x64
		{D116A24D-4E88-4BE7-9A07-9AC64E1F4D09}.Debug|x64.Build.0 = Debug|x64
		{D116A24D-4E88-4BE7-9A07-9AC64E1F4D09}.Debug|x86.ActiveCfg = Debug|Win32
		{D116A24D-4E88-4BE7-9A07-9AC64E1F4D09}.Debug|x86.Build.0 = Debug|Win32
		{D116A24D-4E88-4BE7-9A07-9AC64E1F4D09}.Release|Any CPU.ActiveCfg = Release|x64
		{D116A24D-4E88-4BE7-9A07-9AC64E1F4D09}.Release|Any CPU.Build.0 = Release|x64
		{D116A24D-4E88-4BE7-9A07-9AC64E1F4D09}.Release|x64.ActiveCfg = Release|x64
		{D116A24D-4E88-4BE7-9A07-9AC64E1F4D09}.Release|x64.Build.0 = Release|x64
		{D116A24D-4E88-4BE7-9A07-9AC64E1F4D09}.Release|x86.ActiveCfg = Release|Win32
		{D116A24D-4E88-4BE7-9A07-9AC64E1F4D09}.Release|x86.Build.0 = Release|Win32
		{480A1538-A2AF-4E32-975E-676ADEDEB791}.Debug|Any CPU.ActiveCfg = Debug|x64
		{480A1538-A2AF-4E32-975E-676ADEDEB791}.Debug|Any CPU.Build.0 = Debug|x64
		{480A1538-A2AF-4E32-975E-676ADEDEB791}.Debug|x64.ActiveCfg = Debug|x64
		{480A1538-A2AF-4E32-975E-676ADEDEB791}.Debug|x64.Build.0 = Debug|x64
		{480A1538-A2AF-4E32-975E-676ADEDEB791}.Debug|x86.ActiveCfg = Debug|Win32
		{480A1538-A2AF-4E32-975E-676ADEDEB791}.Debug|x86.Build.0 = Debug|Win32
		{480A1538-A2AF-4E32-975E-676ADEDEB791}.Release|Any CPU.ActiveCfg = Release|x64
		{480A1538-A2AF-4E32-975E-676ADEDEB791}.Release|Any CPU.Build.0 = Release|x64
		{480A1538-A2AF-4E32-975E-676ADEDEB791}.Release|x64.ActiveCfg = Release|x64
		{480A1538-A2AF-4E32-975E-676ADEDEB791}.Release|x64.Build.0 = Release|x64
		{480A1538-A2AF-4E32-975E-676ADEDEB791}.Release|x86.ActiveCfg = Release|Win32
		{480A1538-A2AF-4E32-975E-676ADEDEB791}.Release|x86.Build.0 = Release|Win32
	EndGlobalSection
	GlobalSection(SolutionProperties) = preSolution
		HideSolutionNode = FALSE
	EndGlobalSection
	GlobalSection(ExtensibilityGlobals) = postSolution
		SolutionGuid = {EDD5626B-A247-49C4-A3DA-81F91F648E9C}
	EndGlobalSection
EndGlobal
